
Microsoft Visual Studio Solution File, Format Version 12.00
# Visual Studio Version 17
VisualStudioVersion = 17.8.34330.188
MinimumVisualStudioVersion = 10.0.40219.1
Project("{FAE04EC0-301F-11D3-BF4B-00C04F79EFBC}") = "LinkedListNextFitAlgorithm", "LinkedListNextFitAlgorithm\LinkedListNextFitAlgorithm.csproj", "{BF5BC1B6-FA3D-49BD-9479-FF1232EA2B3A}"
EndProject
Global
	GlobalSection(SolutionConfigurationPlatforms) = preSolution
		Debug|Any CPU = Debug|Any CPU
		Release|Any CPU = Release|Any CPU
	EndGlobalSection
	GlobalSection(ProjectConfigurationPlatforms) = postSolution
		{BF5BC1B6-FA3D-49BD-9479-FF1232EA2B3A}.Debug|Any CPU.ActiveCfg = Debug|Any CPU
		{BF5BC1B6-FA3D-49BD-9479-FF1232EA2B3A}.Debug|Any CPU.Build.0 = Debug|Any CPU
		{BF5BC1B6-FA3D-49BD-9479-FF1232EA2B3A}.Release|Any CPU.ActiveCfg = Release|Any CPU
		{BF5BC1B6-FA3D-49BD-9479-FF1232EA2B3A}.Release|Any CPU.Build.0 = Release|Any CPU
	EndGlobalSection
	GlobalSection(SolutionProperties) = preSolution
		HideSolutionNode = FALSE
	EndGlobalSection
	GlobalSection(ExtensibilityGlobals) = postSolution
		SolutionGuid = {AB8A29A8-968E-474C-9AC8-50F4EC174A1C}
	EndGlobalSection
EndGlobal
